// !$*UTF8*$!
{
	archiveVersion = 1;
	classes = {
	};
	objectVersion = 46;
	objects = {

/* Begin PBXBuildFile section */
		BC4176271D13A423008DADD4 /* main.m in Sources */ = {isa = PBXBuildFile; fileRef = BC4176261D13A423008DADD4 /* main.m */; };
		BC41762A1D13A423008DADD4 /* AppDelegate.m in Sources */ = {isa = PBXBuildFile; fileRef = BC4176291D13A423008DADD4 /* AppDelegate.m */; };
		BC4176301D13A423008DADD4 /* Main.storyboard in Resources */ = {isa = PBXBuildFile; fileRef = BC41762E1D13A423008DADD4 /* Main.storyboard */; };
		BC4176321D13A423008DADD4 /* Assets.xcassets in Resources */ = {isa = PBXBuildFile; fileRef = BC4176311D13A423008DADD4 /* Assets.xcassets */; };
		BC4176351D13A423008DADD4 /* LaunchScreen.storyboard in Resources */ = {isa = PBXBuildFile; fileRef = BC4176331D13A423008DADD4 /* LaunchScreen.storyboard */; };
		BC41763D1D13A485008DADD4 /* StoreKit.framework in Frameworks */ = {isa = PBXBuildFile; fileRef = BC41763C1D13A485008DADD4 /* StoreKit.framework */; };
		BC4176401D13A9F8008DADD4 /* TableViewController.m in Sources */ = {isa = PBXBuildFile; fileRef = BC41763F1D13A9F8008DADD4 /* TableViewController.m */; };
/* End PBXBuildFile section */

/* Begin PBXFileReference section */
		BC4176221D13A423008DADD4 /* changemaker.app */ = {isa = PBXFileReference; explicitFileType = wrapper.application; includeInIndex = 0; path = changemaker.app; sourceTree = BUILT_PRODUCTS_DIR; };
		BC4176261D13A423008DADD4 /* main.m */ = {isa = PBXFileReference; lastKnownFileType = sourcecode.c.objc; path = main.m; sourceTree = "<group>"; };
		BC4176281D13A423008DADD4 /* AppDelegate.h */ = {isa = PBXFileReference; lastKnownFileType = sourcecode.c.h; path = AppDelegate.h; sourceTree = "<group>"; };
		BC4176291D13A423008DADD4 /* AppDelegate.m */ = {isa = PBXFileReference; lastKnownFileType = sourcecode.c.objc; path = AppDelegate.m; sourceTree = "<group>"; };
		BC41762F1D13A423008DADD4 /* Base */ = {isa = PBXFileReference; lastKnownFileType = file.storyboard; name = Base; path = Base.lproj/Main.storyboard; sourceTree = "<group>"; };
		BC4176311D13A423008DADD4 /* Assets.xcassets */ = {isa = PBXFileReference; lastKnownFileType = folder.assetcatalog; path = Assets.xcassets; sourceTree = "<group>"; };
		BC4176341D13A423008DADD4 /* Base */ = {isa = PBXFileReference; lastKnownFileType = file.storyboard; name = Base; path = Base.lproj/LaunchScreen.storyboard; sourceTree = "<group>"; };
		BC4176361D13A423008DADD4 /* Info.plist */ = {isa = PBXFileReference; lastKnownFileType = text.plist.xml; path = Info.plist; sourceTree = "<group>"; };
		BC41763C1D13A485008DADD4 /* StoreKit.framework */ = {isa = PBXFileReference; lastKnownFileType = wrapper.framework; name = StoreKit.framework; path = System/Library/Frameworks/StoreKit.framework; sourceTree = SDKROOT; };
		BC41763E1D13A9F8008DADD4 /* TableViewController.h */ = {isa = PBXFileReference; fileEncoding = 4; lastKnownFileType = sourcecode.c.h; path = TableViewController.h; sourceTree = "<group>"; };
		BC41763F1D13A9F8008DADD4 /* TableViewController.m */ = {isa = PBXFileReference; fileEncoding = 4; lastKnownFileType = sourcecode.c.objc; path = TableViewController.m; sourceTree = "<group>"; };
/* End PBXFileReference section */

/* Begin PBXFrameworksBuildPhase section */
		BC41761F1D13A423008DADD4 /* Frameworks */ = {
			isa = PBXFrameworksBuildPhase;
			buildActionMask = 2147483647;
			files = (
				BC41763D1D13A485008DADD4 /* StoreKit.framework in Frameworks */,
			);
			runOnlyForDeploymentPostprocessing = 0;
		};
/* End PBXFrameworksBuildPhase section */

/* Begin PBXGroup section */
		BC4176191D13A423008DADD4 = {
			isa = PBXGroup;
			children = (
				BC41763C1D13A485008DADD4 /* StoreKit.framework */,
				BC4176241D13A423008DADD4 /* changemaker */,
				BC4176231D13A423008DADD4 /* Products */,
			);
			sourceTree = "<group>";
		};
		BC4176231D13A423008DADD4 /* Products */ = {
			isa = PBXGroup;
			children = (
				BC4176221D13A423008DADD4 /* changemaker.app */,
			);
			name = Products;
			sourceTree = "<group>";
		};
		BC4176241D13A423008DADD4 /* changemaker */ = {
			isa = PBXGroup;
			children = (
				BC4176281D13A423008DADD4 /* AppDelegate.h */,
				BC4176291D13A423008DADD4 /* AppDelegate.m */,
				BC41762E1D13A423008DADD4 /* Main.storyboard */,
				BC4176311D13A423008DADD4 /* Assets.xcassets */,
				BC4176331D13A423008DADD4 /* LaunchScreen.storyboard */,
				BC4176361D13A423008DADD4 /* Info.plist */,
				BC4176251D13A423008DADD4 /* Supporting Files */,
				BC41763E1D13A9F8008DADD4 /* TableViewController.h */,
				BC41763F1D13A9F8008DADD4 /* TableViewController.m */,
			);
			path = changemaker;
			sourceTree = "<group>";
		};
		BC4176251D13A423008DADD4 /* Supporting Files */ = {
			isa = PBXGroup;
			children = (
				BC4176261D13A423008DADD4 /* main.m */,
			);
			name = "Supporting Files";
			sourceTree = "<group>";
		};
/* End PBXGroup section */

/* Begin PBXNativeTarget section */
		BC4176211D13A423008DADD4 /* changemaker */ = {
			isa = PBXNativeTarget;
			buildConfigurationList = BC4176391D13A423008DADD4 /* Build configuration list for PBXNativeTarget "changemaker" */;
			buildPhases = (
				BC41761E1D13A423008DADD4 /* Sources */,
				BC41761F1D13A423008DADD4 /* Frameworks */,
				BC4176201D13A423008DADD4 /* Resources */,
			);
			buildRules = (
			);
			dependencies = (
			);
			name = changemaker;
			productName = changemaker;
			productReference = BC4176221D13A423008DADD4 /* changemaker.app */;
			productType = "com.apple.product-type.application";
		};
/* End PBXNativeTarget section */

/* Begin PBXProject section */
		BC41761A1D13A423008DADD4 /* Project object */ = {
			isa = PBXProject;
			attributes = {
				LastUpgradeCheck = 0720;
				ORGANIZATIONNAME = "罗建树";
				TargetAttributes = {
					BC4176211D13A423008DADD4 = {
						CreatedOnToolsVersion = 7.2;
					};
				};
			};
			buildConfigurationList = BC41761D1D13A423008DADD4 /* Build configuration list for PBXProject "changemaker" */;
			compatibilityVersion = "Xcode 3.2";
			developmentRegion = English;
			hasScannedForEncodings = 0;
			knownRegions = (
				en,
				Base,
			);
			mainGroup = BC4176191D13A423008DADD4;
			productRefGroup = BC4176231D13A423008DADD4 /* Products */;
			projectDirPath = "";
			projectRoot = "";
			targets = (
				BC4176211D13A423008DADD4 /* changemaker */,
			);
		};
/* End PBXProject section */

/* Begin PBXResourcesBuildPhase section */
		BC4176201D13A423008DADD4 /* Resources */ = {
			isa = PBXResourcesBuildPhase;
			buildActionMask = 2147483647;
			files = (
				BC4176351D13A423008DADD4 /* LaunchScreen.storyboard in Resources */,
				BC4176321D13A423008DADD4 /* Assets.xcassets in Resources */,
				BC4176301D13A423008DADD4 /* Main.storyboard in Resources */,
			);
			runOnlyForDeploymentPostprocessing = 0;
		};
/* End PBXResourcesBuildPhase section */

/* Begin PBXSourcesBuildPhase section */
		BC41761E1D13A423008DADD4 /* Sources */ = {
			isa = PBXSourcesBuildPhase;
			buildActionMask = 2147483647;
			files = (
				BC41762A1D13A423008DADD4 /* AppDelegate.m in Sources */,
				BC4176271D13A423008DADD4 /* main.m in Sources */,
				BC4176401D13A9F8008DADD4 /* TableViewController.m in Sources */,
			);
			runOnlyForDeploymentPostprocessing = 0;
		};
/* End PBXSourcesBuildPhase section */

/* Begin PBXVariantGroup section */
		BC41762E1D13A423008DADD4 /* Main.storyboard */ = {
			isa = PBXVariantGroup;
			children = (
				BC41762F1D13A423008DADD4 /* Base */,
			);
			name = Main.storyboard;
			sourceTree = "<group>";
		};
		BC4176331D13A423008DADD4 /* LaunchScreen.storyboard */ = {
			isa = PBXVariantGroup;
			children = (
				BC4176341D13A423008DADD4 /* Base */,
			);
			name = LaunchScreen.storyboard;
			sourceTree = "<group>";
		};
/* End PBXVariantGroup section */

/* Begin XCBuildConfiguration section */
		BC4176371D13A423008DADD4 /* Debug */ = {
			isa = XCBuildConfiguration;
			buildSettings = {
				ALWAYS_SEARCH_USER_PATHS = NO;
				CLANG_CXX_LANGUAGE_STANDARD = "gnu++0x";
				CLANG_CXX_LIBRARY = "libc++";
				CLANG_ENABLE_MODULES = YES;
				CLANG_ENABLE_OBJC_ARC = YES;
				CLANG_WARN_BOOL_CONVERSION = YES;
				CLANG_WARN_CONSTANT_CONVERSION = YES;
				CLANG_WARN_DIRECT_OBJC_ISA_USAGE = YES_ERROR;
				CLANG_WARN_EMPTY_BODY = YES;
				CLANG_WARN_ENUM_CONVERSION = YES;
				CLANG_WARN_INT_CONVERSION = YES;
				CLANG_WARN_OBJC_ROOT_CLASS = YES_ERROR;
				CLANG_WARN_UNREACHABLE_CODE = YES;
				CLANG_WARN__DUPLICATE_METHOD_MATCH = YES;
				"CODE_SIGN_IDENTITY[sdk=iphoneos*]" = "iPhone Developer";
				COPY_PHASE_STRIP = NO;
				DEBUG_INFORMATION_FORMAT = dwarf;
				ENABLE_STRICT_OBJC_MSGSEND = YES;
				ENABLE_TESTABILITY = YES;
				GCC_C_LANGUAGE_STANDARD = gnu99;
				GCC_DYNAMIC_NO_PIC = NO;
				GCC_NO_COMMON_BLOCKS = YES;
				GCC_OPTIMIZATION_LEVEL = 0;
				GCC_PREPROCESSOR_DEFINITIONS = (
					"DEBUG=1",
					"$(inherited)",
				);
				GCC_WARN_64_TO_32_BIT_CONVERSION = YES;
				GCC_WARN_ABOUT_RETURN_TYPE = YES_ERROR;
				GCC_WARN_UNDECLARED_SELECTOR = YES;
				GCC_WARN_UNINITIALIZED_AUTOS = YES_AGGRESSIVE;
				GCC_WARN_UNUSED_FUNCTION = YES;
				GCC_WARN_UNUSED_VARIABLE = YES;
				IPHONEOS_DEPLOYMENT_TARGET = 9.2;
				MTL_ENABLE_DEBUG_INFO = YES;
				ONLY_ACTIVE_ARCH = YES;
				SDKROOT = iphoneos;
				TARGETED_DEVICE_FAMILY = "1,2";
			};
			name = Debug;
		};
		BC4176381D13A423008DADD4 /* Release */ = {
			isa = XCBuildConfiguration;
			buildSettings = {
				ALWAYS_SEARCH_USER_PATHS = NO;
				CLANG_CXX_LANGUAGE_STANDARD = "gnu++0x";
				CLANG_CXX_LIBRARY = "libc++";
				CLANG_ENABLE_MODULES = YES;
				CLANG_ENABLE_OBJC_ARC = YES;
				CLANG_WARN_BOOL_CONVERSION = YES;
				CLANG_WARN_CONSTANT_CONVERSION = YES;
				CLANG_WARN_DIRECT_OBJC_ISA_USAGE = YES_ERROR;
				CLANG_WARN_EMPTY_BODY = YES;
				CLANG_WARN_ENUM_CONVERSION = YES;
				CLANG_WARN_INT_CONVERSION = YES;
				CLANG_WARN_OBJC_ROOT_CLASS = YES_ERROR;
				CLANG_WARN_UNREACHABLE_CODE = YES;
				CLANG_WARN__DUPLICATE_METHOD_MATCH = YES;
				"CODE_SIGN_IDENTITY[sdk=iphoneos*]" = "iPhone Developer";
				COPY_PHASE_STRIP = NO;
				DEBUG_INFORMATION_FORMAT = "dwarf-with-dsym";
				ENABLE_NS_ASSERTIONS = NO;
				ENABLE_STRICT_OBJC_MSGSEND = YES;
				GCC_C_LANGUAGE_STANDARD = gnu99;
				GCC_NO_COMMON_BLOCKS = YES;
				GCC_WARN_64_TO_32_BIT_CONVERSION = YES;
				GCC_WARN_ABOUT_RETURN_TYPE = YES_ERROR;
				GCC_WARN_UNDECLARED_SELECTOR = YES;
				GCC_WARN_UNINITIALIZED_AUTOS = YES_AGGRESSIVE;
				GCC_WARN_UNUSED_FUNCTION = YES;
				GCC_WARN_UNUSED_VARIABLE = YES;
				IPHONEOS_DEPLOYMENT_TARGET = 9.2;
				MTL_ENABLE_DEBUG_INFO = NO;
				SDKROOT = iphoneos;
				TARGETED_DEVICE_FAMILY = "1,2";
				VALIDATE_PRODUCT = YES;
			};
			name = Release;
		};
		BC41763A1D13A423008DADD4 /* Debug */ = {
			isa = XCBuildConfiguration;
			buildSettings = {
				ASSETCATALOG_COMPILER_APPICON_NAME = AppIcon;
				INFOPLIST_FILE = changemaker/Info.plist;
				LD_RUNPATH_SEARCH_PATHS = "$(inherited) @executable_path/Frameworks";
				PRODUCT_BUNDLE_IDENTIFIER = com.1000phone.1605.changemaker;
				PRODUCT_NAME = "$(TARGET_NAME)";
			};
			name = Debug;
		};
		BC41763B1D13A423008DADD4 /* Release */ = {
			isa = XCBuildConfiguration;
			buildSettings = {
				ASSETCATALOG_COMPILER_APPICON_NAME = AppIcon;
				INFOPLIST_FILE = changemaker/Info.plist;
				LD_RUNPATH_SEARCH_PATHS = "$(inherited) @executable_path/Frameworks";
				PRODUCT_BUNDLE_IDENTIFIER = com.1000phone.1605.changemaker;
				PRODUCT_NAME = "$(TARGET_NAME)";
			};
			name = Release;
		};
/* End XCBuildConfiguration section */

/* Begin XCConfigurationList section */
		BC41761D1D13A423008DADD4 /* Build configuration list for PBXProject "changemaker" */ = {
			isa = XCConfigurationList;
			buildConfigurations = (
				BC4176371D13A423008DADD4 /* Debug */,
				BC4176381D13A423008DADD4 /* Release */,
			);
			defaultConfigurationIsVisible = 0;
			defaultConfigurationName = Release;
		};
		BC4176391D13A423008DADD4 /* Build configuration list for PBXNativeTarget "changemaker" */ = {
			isa = XCConfigurationList;
			buildConfigurations = (
				BC41763A1D13A423008DADD4 /* Debug */,
				BC41763B1D13A423008DADD4 /* Release */,
			);
			defaultConfigurationIsVisible = 0;
		};
/* End XCConfigurationList section */
	};
	rootObject = BC41761A1D13A423008DADD4 /* Project object */;
}
